{
  "version": "1.0.1",
  "files": {
    ".github/copilot-instructions.md": {
      "ownership": "user-owned",
      "hash": "df8458c29bc1a004187f1599d3b6d02eb99a0e5a7759eddd831d39ac22194588"
    },
    ".github/instructions/backend.instructions.md": {
      "ownership": "user-owned",
      "hash": "67ec40abb2edcf44b9561bad15684063af87dfa71c242b32214e0c7243add5cf"
    },
    ".github/agents/deep-reviewer.agent.md": {
      "ownership": "kit-managed",
      "hash": "ee5ed57bb9441a162815ebcc536871c6ebc0a67e148a6dfd31b32898b0332087"
    },
    ".github/agents/fast-implementer.agent.md": {
      "ownership": "kit-managed",
      "hash": "62a1933e3b911d981bb0500839c5d5c12752221b6e788bb2acf3e3e73f156b53"
    },
    ".github/prompts/elegant-fix.prompt.md": {
      "ownership": "kit-managed",
      "hash": "f11618d9a75435e61be536b8349eb019109ad4e68ae3a3efc77d00e2793bb1d2"
    },
    ".github/prompts/kickoff.prompt.md": {
      "ownership": "kit-managed",
      "hash": "682deb0b6cf27673a30890e9609b3e15a0e9af9096a3244b64bf60a52739a54b"
    },
    ".github/prompts/verify-and-close.prompt.md": {
      "ownership": "kit-managed",
      "hash": "c6338330fa549e70677726136bee8398efadfb85a4f70b7f3a8d52bbf1f6d7e1"
    },
    ".github/skills/autonomous-bug-fixing/SKILL.md": {
      "ownership": "kit-managed",
      "hash": "360d64ba63252eb46d386c7434f2e2e63f21256132d5e72537b002d308c416f2"
    },
    ".github/skills/demand-elegance/SKILL.md": {
      "ownership": "kit-managed",
      "hash": "f716fc203bfc3053ca9c9e697fd83a554ead78156860ade85f4c3fe3ba89c52d"
    },
    ".github/skills/plan-mode/SKILL.md": {
      "ownership": "kit-managed",
      "hash": "70d14735f1dda4220fb84316e5cc3925d4a4055dd331786f4e4e416b176340b0"
    },
    ".github/skills/self-improvement/SKILL.md": {
      "ownership": "kit-managed",
      "hash": "a6f6a8373c0b05ac11f3c77af62d5b6d5cc415055bdfb0a6e857c94bffd0b3fa"
    },
    ".github/skills/subagent-strategy/SKILL.md": {
      "ownership": "kit-managed",
      "hash": "223c15cee39dd825c2aba4646c1aad15f15c4443d48385b5ac06e5f8823c0cd6"
    },
    ".github/skills/verification/SKILL.md": {
      "ownership": "kit-managed",
      "hash": "fedfe8d8f75a702d565092d3bc26732d1ecf6c09a9eb3dba3b8539f171ea3e63"
    },
    "AGENTS.md": {
      "ownership": "user-owned",
      "hash": "80f40b6a890d0a7adefe5b9561d77ca0ed4710411cc13bb69ce7d7f983a56855"
    },
    "docs/workflow/workflow-orchestration.md": {
      "ownership": "kit-managed",
      "hash": "b8666c2133b7614f14ba2ddd97c2006af9c56fae18202f909f65bb6bc495598a"
    },
    "tasks/todo.md": {
      "ownership": "user-owned",
      "hash": "8e722d996e00c1b044d12af939fcddb054a7ad9c94d7952ac52e8767e61fe5a6"
    },
    "tasks/lessons.md": {
      "ownership": "user-owned",
      "hash": "120a30607c45f10ff9ec8d65dac04d6c88664f706cff8ba23dab5d341f25fb7b"
    },
    ".github/workflows/update-copilot-kit.yml": {
      "ownership": "user-owned",
      "hash": "c271bdb61f414d1168b0a627b35d5cd3c22efeb84dd8e8f9d26c466462995406"
    }
  }
}
