{
  "name": "mcp-utility-hub",
  "version": "1.0.0",
  "lockfileVersion": 3,
  "requires": true,
  "packages": {
    "": {
      "name": "mcp-utility-hub",
      "version": "1.0.0",
      "license": "ISC",
      "devDependencies": {
        "copilot-workflow-kit": "^1.0.1"
      }
    },
    "node_modules/copilot-workflow-kit": {
      "version": "1.0.1",
      "resolved": "https://registry.npmjs.org/copilot-workflow-kit/-/copilot-workflow-kit-1.0.1.tgz",
      "integrity": "sha512-mB2LhoVUopAfLuhOZCAsg2MUCdGzycmBKuKnHLWSo1gXjuBJ6ZtoeJVngJxmD3LBFdPq4tf7UC0B/0YUOCfe4g==",
      "dev": true,
      "license": "MIT",
      "bin": {
        "copilot-workflow-kit": "bin/cli.js",
        "cwk": "bin/cli.js"
      },
      "engines": {
        "node": ">=16.0.0"
      }
    }
  }
}
